
Microsoft Visual Studio Solution File, Format Version 12.00
# Visual Studio 15
VisualStudioVersion = 15.0.26430.13
MinimumVisualStudioVersion = 10.0.40219.1
Project("{9A19103F-16F7-4668-BE54-9A1E7A4F7556}") = "Teleware.Foundation.Core", "src\Teleware.Foundation.Core\Teleware.Foundation.Core.csproj", "{44C618BE-7229-4305-BED9-79C2F0198C28}"
EndProject
Project("{9A19103F-16F7-4668-BE54-9A1E7A4F7556}") = "Teleware.Foundation.Caching.CacheProviders.Memory", "src\Teleware.Foundation.Caching.CacheProviders.Memory\Teleware.Foundation.Caching.CacheProviders.Memory.csproj", "{13652E96-1ADD-4722-8DA3-D807A034D50B}"
EndProject
Project("{2150E333-8FDC-42A3-9474-1A3956D46DE8}") = "src", "src", "{9CA1F77E-DA19-4E54-B9F8-CF5F8B5AD55A}"
EndProject
Project("{9A19103F-16F7-4668-BE54-9A1E7A4F7556}") = "Teleware.Foundation.Core.Tests", "test\Teleware.Foundation.Core.Tests\Teleware.Foundation.Core.Tests.csproj", "{E789D68C-F58E-41A7-96EC-61331A35D9CF}"
EndProject
Project("{2150E333-8FDC-42A3-9474-1A3956D46DE8}") = "test", "test", "{436E83E5-3C76-475A-A3F5-CFC7667D1BB0}"
EndProject
Project("{9A19103F-16F7-4668-BE54-9A1E7A4F7556}") = "Teleware.Foundation.Caching.CacheProviders.Memory.Tests", "test\Teleware.Foundation.Caching.CacheProviders.Memory.Tests\Teleware.Foundation.Caching.CacheProviders.Memory.Tests.csproj", "{C0149A56-9B08-4625-92F9-B0CD5BD9A15B}"
EndProject
Project("{9A19103F-16F7-4668-BE54-9A1E7A4F7556}") = "Teleware.Foundation.Configuration", "src\Teleware.Foundation.Configuration\Teleware.Foundation.Configuration.csproj", "{C3D8BF66-C39E-4873-93CC-8A23387467DF}"
EndProject
Project("{9A19103F-16F7-4668-BE54-9A1E7A4F7556}") = "Playground", "Playground\Playground.csproj", "{E7D8FA93-8A2A-4625-99D0-02A9B65798F0}"
EndProject
Project("{9A19103F-16F7-4668-BE54-9A1E7A4F7556}") = "Teleware.Foundation.Data.EntityFramework", "src\Teleware.Foundation.Data.EntityFramework\Teleware.Foundation.Data.EntityFramework.csproj", "{F31C5283-AAEE-4100-9D31-DD56C3633E62}"
EndProject
Project("{2150E333-8FDC-42A3-9474-1A3956D46DE8}") = "build", "build", "{4F02DA62-064B-4326-ACD7-632261F2010E}"
	ProjectSection(SolutionItems) = preProject
		build\common.props = build\common.props
	EndProjectSection
EndProject
Project("{9A19103F-16F7-4668-BE54-9A1E7A4F7556}") = "Teleware.Foundation.Data.EntityFramework.Oracle", "src\Teleware.Foundation.Data.EntityFramework.Oracle\Teleware.Foundation.Data.EntityFramework.Oracle.csproj", "{4D0E1DAF-D3B2-4664-897D-B0F8EDBED882}"
EndProject
Project("{9A19103F-16F7-4668-BE54-9A1E7A4F7556}") = "Teleware.Foundation.Diagnostics.Loggers.NLog", "src\Teleware.Foundation.Diagnostics.Loggers.NLog\Teleware.Foundation.Diagnostics.Loggers.NLog.csproj", "{7B849300-3817-4F2A-B4D2-415109F33117}"
EndProject
Project("{9A19103F-16F7-4668-BE54-9A1E7A4F7556}") = "Teleware.Foundation.Serialization.Serializers.Json", "src\Teleware.Foundation.Serialization.Serializers.Json\Teleware.Foundation.Serialization.Serializers.Json.csproj", "{011192FE-8AAC-4602-A01E-1F01C580A805}"
EndProject
Project("{9A19103F-16F7-4668-BE54-9A1E7A4F7556}") = "Teleware.Foundation.Serialization.Serializers.Compress", "src\Teleware.Foundation.Serialization.Serializers.Compress\Teleware.Foundation.Serialization.Serializers.Compress.csproj", "{AA8CD2BB-422E-4DE7-A46A-9E3E085F3252}"
EndProject
Project("{9A19103F-16F7-4668-BE54-9A1E7A4F7556}") = "Teleware.Foundation.Hosting.AspNetCore", "src\Teleware.Foundation.Hosting.AspNetCore\Teleware.Foundation.Hosting.AspNetCore.csproj", "{89BD1522-24E7-4F15-96C3-C69052DEF4A8}"
EndProject
Project("{9A19103F-16F7-4668-BE54-9A1E7A4F7556}") = "Teleware.Foundation.Hosting.Application", "src\Teleware.Foundation.Hosting.Application\Teleware.Foundation.Hosting.Application.csproj", "{08148CDD-972D-4078-80CF-59FB0688BD69}"
EndProject
Project("{9A19103F-16F7-4668-BE54-9A1E7A4F7556}") = "Playground.Web", "Playground.Web\Playground.Web.csproj", "{4783BA46-5DCE-4333-AD94-8E90B9CBA12B}"
EndProject
Project("{9A19103F-16F7-4668-BE54-9A1E7A4F7556}") = "Teleware.Foundation.AspNetCore.MVC.Filters", "src\Teleware.Foundation.AspNetCore.MVC.Filters\Teleware.Foundation.AspNetCore.MVC.Filters.csproj", "{7E8F1E7F-428F-4F40-9DF2-8C84A0B49921}"
EndProject
Project("{9A19103F-16F7-4668-BE54-9A1E7A4F7556}") = "Teleware.Foundation.Data.Memory", "src\Teleware.Foundation.Data.Memory\Teleware.Foundation.Data.Memory.csproj", "{D97EA026-A41F-4FE2-A278-AEBD7B13B90B}"
EndProject
Project("{9A19103F-16F7-4668-BE54-9A1E7A4F7556}") = "Teleware.Foundation.AspNet.WebApi.Filters", "src\Teleware.Foundation.AspNet.WebApi.Filters\Teleware.Foundation.AspNet.WebApi.Filters.csproj", "{662DD820-462D-4407-AFE4-05335F0D07F3}"
EndProject
Project("{9A19103F-16F7-4668-BE54-9A1E7A4F7556}") = "Teleware.Foundation.Data.Extensions.Oracle", "src\Teleware.Foundation.Data.Extensions.Oracle\Teleware.Foundation.Data.Extensions.Oracle.csproj", "{2DB6F254-8090-45F2-84AA-C33933576E21}"
EndProject
Project("{FAE04EC0-301F-11D3-BF4B-00C04F79EFBC}") = "Playground.AspNet.WebApi", "Playground.AspNet.WebApi\Playground.AspNet.WebApi.csproj", "{FD7E7AE3-F070-4F57-B106-FE570245E7A1}"
EndProject
Project("{FAE04EC0-301F-11D3-BF4B-00C04F79EFBC}") = "Playground.Traditional", "Playground.Traditional\Playground.Traditional.csproj", "{FADAE661-287C-4FC7-80D5-9CC11F8667A7}"
EndProject
Global
	GlobalSection(SolutionConfigurationPlatforms) = preSolution
		Debug|Any CPU = Debug|Any CPU
		Debug|x64 = Debug|x64
		Debug|x86 = Debug|x86
		Release|Any CPU = Release|Any CPU
		Release|x64 = Release|x64
		Release|x86 = Release|x86
	EndGlobalSection
	GlobalSection(ProjectConfigurationPlatforms) = postSolution
		{44C618BE-7229-4305-BED9-79C2F0198C28}.Debug|Any CPU.ActiveCfg = Debug|Any CPU
		{44C618BE-7229-4305-BED9-79C2F0198C28}.Debug|Any CPU.Build.0 = Debug|Any CPU
		{44C618BE-7229-4305-BED9-79C2F0198C28}.Debug|x64.ActiveCfg = Debug|Any CPU
		{44C618BE-7229-4305-BED9-79C2F0198C28}.Debug|x64.Build.0 = Debug|Any CPU
		{44C618BE-7229-4305-BED9-79C2F0198C28}.Debug|x86.ActiveCfg = Debug|Any CPU
		{44C618BE-7229-4305-BED9-79C2F0198C28}.Debug|x86.Build.0 = Debug|Any CPU
		{44C618BE-7229-4305-BED9-79C2F0198C28}.Release|Any CPU.ActiveCfg = Release|Any CPU
		{44C618BE-7229-4305-BED9-79C2F0198C28}.Release|Any CPU.Build.0 = Release|Any CPU
		{44C618BE-7229-4305-BED9-79C2F0198C28}.Release|x64.ActiveCfg = Release|Any CPU
		{44C618BE-7229-4305-BED9-79C2F0198C28}.Release|x64.Build.0 = Release|Any CPU
		{44C618BE-7229-4305-BED9-79C2F0198C28}.Release|x86.ActiveCfg = Release|Any CPU
		{44C618BE-7229-4305-BED9-79C2F0198C28}.Release|x86.Build.0 = Release|Any CPU
		{13652E96-1ADD-4722-8DA3-D807A034D50B}.Debug|Any CPU.ActiveCfg = Debug|Any CPU
		{13652E96-1ADD-4722-8DA3-D807A034D50B}.Debug|Any CPU.Build.0 = Debug|Any CPU
		{13652E96-1ADD-4722-8DA3-D807A034D50B}.Debug|x64.ActiveCfg = Debug|Any CPU
		{13652E96-1ADD-4722-8DA3-D807A034D50B}.Debug|x64.Build.0 = Debug|Any CPU
		{13652E96-1ADD-4722-8DA3-D807A034D50B}.Debug|x86.ActiveCfg = Debug|Any CPU
		{13652E96-1ADD-4722-8DA3-D807A034D50B}.Debug|x86.Build.0 = Debug|Any CPU
		{13652E96-1ADD-4722-8DA3-D807A034D50B}.Release|Any CPU.ActiveCfg = Release|Any CPU
		{13652E96-1ADD-4722-8DA3-D807A034D50B}.Release|Any CPU.Build.0 = Release|Any CPU
		{13652E96-1ADD-4722-8DA3-D807A034D50B}.Release|x64.ActiveCfg = Release|Any CPU
		{13652E96-1ADD-4722-8DA3-D807A034D50B}.Release|x64.Build.0 = Release|Any CPU
		{13652E96-1ADD-4722-8DA3-D807A034D50B}.Release|x86.ActiveCfg = Release|Any CPU
		{13652E96-1ADD-4722-8DA3-D807A034D50B}.Release|x86.Build.0 = Release|Any CPU
		{E789D68C-F58E-41A7-96EC-61331A35D9CF}.Debug|Any CPU.ActiveCfg = Debug|Any CPU
		{E789D68C-F58E-41A7-96EC-61331A35D9CF}.Debug|Any CPU.Build.0 = Debug|Any CPU
		{E789D68C-F58E-41A7-96EC-61331A35D9CF}.Debug|x64.ActiveCfg = Debug|Any CPU
		{E789D68C-F58E-41A7-96EC-61331A35D9CF}.Debug|x64.Build.0 = Debug|Any CPU
		{E789D68C-F58E-41A7-96EC-61331A35D9CF}.Debug|x86.ActiveCfg = Debug|Any CPU
		{E789D68C-F58E-41A7-96EC-61331A35D9CF}.Debug|x86.Build.0 = Debug|Any CPU
		{E789D68C-F58E-41A7-96EC-61331A35D9CF}.Release|Any CPU.ActiveCfg = Release|Any CPU
		{E789D68C-F58E-41A7-96EC-61331A35D9CF}.Release|Any CPU.Build.0 = Release|Any CPU
		{E789D68C-F58E-41A7-96EC-61331A35D9CF}.Release|x64.ActiveCfg = Release|Any CPU
		{E789D68C-F58E-41A7-96EC-61331A35D9CF}.Release|x64.Build.0 = Release|Any CPU
		{E789D68C-F58E-41A7-96EC-61331A35D9CF}.Release|x86.ActiveCfg = Release|Any CPU
		{E789D68C-F58E-41A7-96EC-61331A35D9CF}.Release|x86.Build.0 = Release|Any CPU
		{C0149A56-9B08-4625-92F9-B0CD5BD9A15B}.Debug|Any CPU.ActiveCfg = Debug|Any CPU
		{C0149A56-9B08-4625-92F9-B0CD5BD9A15B}.Debug|Any CPU.Build.0 = Debug|Any CPU
		{C0149A56-9B08-4625-92F9-B0CD5BD9A15B}.Debug|x64.ActiveCfg = Debug|Any CPU
		{C0149A56-9B08-4625-92F9-B0CD5BD9A15B}.Debug|x64.Build.0 = Debug|Any CPU
		{C0149A56-9B08-4625-92F9-B0CD5BD9A15B}.Debug|x86.ActiveCfg = Debug|Any CPU
		{C0149A56-9B08-4625-92F9-B0CD5BD9A15B}.Debug|x86.Build.0 = Debug|Any CPU
		{C0149A56-9B08-4625-92F9-B0CD5BD9A15B}.Release|Any CPU.ActiveCfg = Release|Any CPU
		{C0149A56-9B08-4625-92F9-B0CD5BD9A15B}.Release|Any CPU.Build.0 = Release|Any CPU
		{C0149A56-9B08-4625-92F9-B0CD5BD9A15B}.Release|x64.ActiveCfg = Release|Any CPU
		{C0149A56-9B08-4625-92F9-B0CD5BD9A15B}.Release|x64.Build.0 = Release|Any CPU
		{C0149A56-9B08-4625-92F9-B0CD5BD9A15B}.Release|x86.ActiveCfg = Release|Any CPU
		{C0149A56-9B08-4625-92F9-B0CD5BD9A15B}.Release|x86.Build.0 = Release|Any CPU
		{C3D8BF66-C39E-4873-93CC-8A23387467DF}.Debug|Any CPU.ActiveCfg = Debug|Any CPU
		{C3D8BF66-C39E-4873-93CC-8A23387467DF}.Debug|Any CPU.Build.0 = Debug|Any CPU
		{C3D8BF66-C39E-4873-93CC-8A23387467DF}.Debug|x64.ActiveCfg = Debug|Any CPU
		{C3D8BF66-C39E-4873-93CC-8A23387467DF}.Debug|x64.Build.0 = Debug|Any CPU
		{C3D8BF66-C39E-4873-93CC-8A23387467DF}.Debug|x86.ActiveCfg = Debug|Any CPU
		{C3D8BF66-C39E-4873-93CC-8A23387467DF}.Debug|x86.Build.0 = Debug|Any CPU
		{C3D8BF66-C39E-4873-93CC-8A23387467DF}.Release|Any CPU.ActiveCfg = Release|Any CPU
		{C3D8BF66-C39E-4873-93CC-8A23387467DF}.Release|Any CPU.Build.0 = Release|Any CPU
		{C3D8BF66-C39E-4873-93CC-8A23387467DF}.Release|x64.ActiveCfg = Release|Any CPU
		{C3D8BF66-C39E-4873-93CC-8A23387467DF}.Release|x64.Build.0 = Release|Any CPU
		{C3D8BF66-C39E-4873-93CC-8A23387467DF}.Release|x86.ActiveCfg = Release|Any CPU
		{C3D8BF66-C39E-4873-93CC-8A23387467DF}.Release|x86.Build.0 = Release|Any CPU
		{E7D8FA93-8A2A-4625-99D0-02A9B65798F0}.Debug|Any CPU.ActiveCfg = Debug|Any CPU
		{E7D8FA93-8A2A-4625-99D0-02A9B65798F0}.Debug|Any CPU.Build.0 = Debug|Any CPU
		{E7D8FA93-8A2A-4625-99D0-02A9B65798F0}.Debug|x64.ActiveCfg = Debug|Any CPU
		{E7D8FA93-8A2A-4625-99D0-02A9B65798F0}.Debug|x64.Build.0 = Debug|Any CPU
		{E7D8FA93-8A2A-4625-99D0-02A9B65798F0}.Debug|x86.ActiveCfg = Debug|Any CPU
		{E7D8FA93-8A2A-4625-99D0-02A9B65798F0}.Debug|x86.Build.0 = Debug|Any CPU
		{E7D8FA93-8A2A-4625-99D0-02A9B65798F0}.Release|Any CPU.ActiveCfg = Release|Any CPU
		{E7D8FA93-8A2A-4625-99D0-02A9B65798F0}.Release|Any CPU.Build.0 = Release|Any CPU
		{E7D8FA93-8A2A-4625-99D0-02A9B65798F0}.Release|x64.ActiveCfg = Release|Any CPU
		{E7D8FA93-8A2A-4625-99D0-02A9B65798F0}.Release|x64.Build.0 = Release|Any CPU
		{E7D8FA93-8A2A-4625-99D0-02A9B65798F0}.Release|x86.ActiveCfg = Release|Any CPU
		{E7D8FA93-8A2A-4625-99D0-02A9B65798F0}.Release|x86.Build.0 = Release|Any CPU
		{F31C5283-AAEE-4100-9D31-DD56C3633E62}.Debug|Any CPU.ActiveCfg = Debug|Any CPU
		{F31C5283-AAEE-4100-9D31-DD56C3633E62}.Debug|Any CPU.Build.0 = Debug|Any CPU
		{F31C5283-AAEE-4100-9D31-DD56C3633E62}.Debug|x64.ActiveCfg = Debug|Any CPU
		{F31C5283-AAEE-4100-9D31-DD56C3633E62}.Debug|x64.Build.0 = Debug|Any CPU
		{F31C5283-AAEE-4100-9D31-DD56C3633E62}.Debug|x86.ActiveCfg = Debug|Any CPU
		{F31C5283-AAEE-4100-9D31-DD56C3633E62}.Debug|x86.Build.0 = Debug|Any CPU
		{F31C5283-AAEE-4100-9D31-DD56C3633E62}.Release|Any CPU.ActiveCfg = Release|Any CPU
		{F31C5283-AAEE-4100-9D31-DD56C3633E62}.Release|Any CPU.Build.0 = Release|Any CPU
		{F31C5283-AAEE-4100-9D31-DD56C3633E62}.Release|x64.ActiveCfg = Release|Any CPU
		{F31C5283-AAEE-4100-9D31-DD56C3633E62}.Release|x64.Build.0 = Release|Any CPU
		{F31C5283-AAEE-4100-9D31-DD56C3633E62}.Release|x86.ActiveCfg = Release|Any CPU
		{F31C5283-AAEE-4100-9D31-DD56C3633E62}.Release|x86.Build.0 = Release|Any CPU
		{4D0E1DAF-D3B2-4664-897D-B0F8EDBED882}.Debug|Any CPU.ActiveCfg = Debug|Any CPU
		{4D0E1DAF-D3B2-4664-897D-B0F8EDBED882}.Debug|Any CPU.Build.0 = Debug|Any CPU
		{4D0E1DAF-D3B2-4664-897D-B0F8EDBED882}.Debug|x64.ActiveCfg = Debug|Any CPU
		{4D0E1DAF-D3B2-4664-897D-B0F8EDBED882}.Debug|x64.Build.0 = Debug|Any CPU
		{4D0E1DAF-D3B2-4664-897D-B0F8EDBED882}.Debug|x86.ActiveCfg = Debug|Any CPU
		{4D0E1DAF-D3B2-4664-897D-B0F8EDBED882}.Debug|x86.Build.0 = Debug|Any CPU
		{4D0E1DAF-D3B2-4664-897D-B0F8EDBED882}.Release|Any CPU.ActiveCfg = Release|Any CPU
		{4D0E1DAF-D3B2-4664-897D-B0F8EDBED882}.Release|Any CPU.Build.0 = Release|Any CPU
		{4D0E1DAF-D3B2-4664-897D-B0F8EDBED882}.Release|x64.ActiveCfg = Release|Any CPU
		{4D0E1DAF-D3B2-4664-897D-B0F8EDBED882}.Release|x64.Build.0 = Release|Any CPU
		{4D0E1DAF-D3B2-4664-897D-B0F8EDBED882}.Release|x86.ActiveCfg = Release|Any CPU
		{4D0E1DAF-D3B2-4664-897D-B0F8EDBED882}.Release|x86.Build.0 = Release|Any CPU
		{7B849300-3817-4F2A-B4D2-415109F33117}.Debug|Any CPU.ActiveCfg = Debug|Any CPU
		{7B849300-3817-4F2A-B4D2-415109F33117}.Debug|Any CPU.Build.0 = Debug|Any CPU
		{7B849300-3817-4F2A-B4D2-415109F33117}.Debug|x64.ActiveCfg = Debug|Any CPU
		{7B849300-3817-4F2A-B4D2-415109F33117}.Debug|x64.Build.0 = Debug|Any CPU
		{7B849300-3817-4F2A-B4D2-415109F33117}.Debug|x86.ActiveCfg = Debug|Any CPU
		{7B849300-3817-4F2A-B4D2-415109F33117}.Debug|x86.Build.0 = Debug|Any CPU
		{7B849300-3817-4F2A-B4D2-415109F33117}.Release|Any CPU.ActiveCfg = Release|Any CPU
		{7B849300-3817-4F2A-B4D2-415109F33117}.Release|Any CPU.Build.0 = Release|Any CPU
		{7B849300-3817-4F2A-B4D2-415109F33117}.Release|x64.ActiveCfg = Release|Any CPU
		{7B849300-3817-4F2A-B4D2-415109F33117}.Release|x64.Build.0 = Release|Any CPU
		{7B849300-3817-4F2A-B4D2-415109F33117}.Release|x86.ActiveCfg = Release|Any CPU
		{7B849300-3817-4F2A-B4D2-415109F33117}.Release|x86.Build.0 = Release|Any CPU
		{011192FE-8AAC-4602-A01E-1F01C580A805}.Debug|Any CPU.ActiveCfg = Debug|Any CPU
		{011192FE-8AAC-4602-A01E-1F01C580A805}.Debug|Any CPU.Build.0 = Debug|Any CPU
		{011192FE-8AAC-4602-A01E-1F01C580A805}.Debug|x64.ActiveCfg = Debug|Any CPU
		{011192FE-8AAC-4602-A01E-1F01C580A805}.Debug|x64.Build.0 = Debug|Any CPU
		{011192FE-8AAC-4602-A01E-1F01C580A805}.Debug|x86.ActiveCfg = Debug|Any CPU
		{011192FE-8AAC-4602-A01E-1F01C580A805}.Debug|x86.Build.0 = Debug|Any CPU
		{011192FE-8AAC-4602-A01E-1F01C580A805}.Release|Any CPU.ActiveCfg = Release|Any CPU
		{011192FE-8AAC-4602-A01E-1F01C580A805}.Release|Any CPU.Build.0 = Release|Any CPU
		{011192FE-8AAC-4602-A01E-1F01C580A805}.Release|x64.ActiveCfg = Release|Any CPU
		{011192FE-8AAC-4602-A01E-1F01C580A805}.Release|x64.Build.0 = Release|Any CPU
		{011192FE-8AAC-4602-A01E-1F01C580A805}.Release|x86.ActiveCfg = Release|Any CPU
		{011192FE-8AAC-4602-A01E-1F01C580A805}.Release|x86.Build.0 = Release|Any CPU
		{AA8CD2BB-422E-4DE7-A46A-9E3E085F3252}.Debug|Any CPU.ActiveCfg = Debug|Any CPU
		{AA8CD2BB-422E-4DE7-A46A-9E3E085F3252}.Debug|Any CPU.Build.0 = Debug|Any CPU
		{AA8CD2BB-422E-4DE7-A46A-9E3E085F3252}.Debug|x64.ActiveCfg = Debug|Any CPU
		{AA8CD2BB-422E-4DE7-A46A-9E3E085F3252}.Debug|x64.Build.0 = Debug|Any CPU
		{AA8CD2BB-422E-4DE7-A46A-9E3E085F3252}.Debug|x86.ActiveCfg = Debug|Any CPU
		{AA8CD2BB-422E-4DE7-A46A-9E3E085F3252}.Debug|x86.Build.0 = Debug|Any CPU
		{AA8CD2BB-422E-4DE7-A46A-9E3E085F3252}.Release|Any CPU.ActiveCfg = Release|Any CPU
		{AA8CD2BB-422E-4DE7-A46A-9E3E085F3252}.Release|Any CPU.Build.0 = Release|Any CPU
		{AA8CD2BB-422E-4DE7-A46A-9E3E085F3252}.Release|x64.ActiveCfg = Release|Any CPU
		{AA8CD2BB-422E-4DE7-A46A-9E3E085F3252}.Release|x64.Build.0 = Release|Any CPU
		{AA8CD2BB-422E-4DE7-A46A-9E3E085F3252}.Release|x86.ActiveCfg = Release|Any CPU
		{AA8CD2BB-422E-4DE7-A46A-9E3E085F3252}.Release|x86.Build.0 = Release|Any CPU
		{89BD1522-24E7-4F15-96C3-C69052DEF4A8}.Debug|Any CPU.ActiveCfg = Debug|Any CPU
		{89BD1522-24E7-4F15-96C3-C69052DEF4A8}.Debug|Any CPU.Build.0 = Debug|Any CPU
		{89BD1522-24E7-4F15-96C3-C69052DEF4A8}.Debug|x64.ActiveCfg = Debug|Any CPU
		{89BD1522-24E7-4F15-96C3-C69052DEF4A8}.Debug|x64.Build.0 = Debug|Any CPU
		{89BD1522-24E7-4F15-96C3-C69052DEF4A8}.Debug|x86.ActiveCfg = Debug|Any CPU
		{89BD1522-24E7-4F15-96C3-C69052DEF4A8}.Debug|x86.Build.0 = Debug|Any CPU
		{89BD1522-24E7-4F15-96C3-C69052DEF4A8}.Release|Any CPU.ActiveCfg = Release|Any CPU
		{89BD1522-24E7-4F15-96C3-C69052DEF4A8}.Release|Any CPU.Build.0 = Release|Any CPU
		{89BD1522-24E7-4F15-96C3-C69052DEF4A8}.Release|x64.ActiveCfg = Release|Any CPU
		{89BD1522-24E7-4F15-96C3-C69052DEF4A8}.Release|x64.Build.0 = Release|Any CPU
		{89BD1522-24E7-4F15-96C3-C69052DEF4A8}.Release|x86.ActiveCfg = Release|Any CPU
		{89BD1522-24E7-4F15-96C3-C69052DEF4A8}.Release|x86.Build.0 = Release|Any CPU
		{08148CDD-972D-4078-80CF-59FB0688BD69}.Debug|Any CPU.ActiveCfg = Debug|Any CPU
		{08148CDD-972D-4078-80CF-59FB0688BD69}.Debug|Any CPU.Build.0 = Debug|Any CPU
		{08148CDD-972D-4078-80CF-59FB0688BD69}.Debug|x64.ActiveCfg = Debug|Any CPU
		{08148CDD-972D-4078-80CF-59FB0688BD69}.Debug|x64.Build.0 = Debug|Any CPU
		{08148CDD-972D-4078-80CF-59FB0688BD69}.Debug|x86.ActiveCfg = Debug|Any CPU
		{08148CDD-972D-4078-80CF-59FB0688BD69}.Debug|x86.Build.0 = Debug|Any CPU
		{08148CDD-972D-4078-80CF-59FB0688BD69}.Release|Any CPU.ActiveCfg = Release|Any CPU
		{08148CDD-972D-4078-80CF-59FB0688BD69}.Release|Any CPU.Build.0 = Release|Any CPU
		{08148CDD-972D-4078-80CF-59FB0688BD69}.Release|x64.ActiveCfg = Release|Any CPU
		{08148CDD-972D-4078-80CF-59FB0688BD69}.Release|x64.Build.0 = Release|Any CPU
		{08148CDD-972D-4078-80CF-59FB0688BD69}.Release|x86.ActiveCfg = Release|Any CPU
		{08148CDD-972D-4078-80CF-59FB0688BD69}.Release|x86.Build.0 = Release|Any CPU
		{4783BA46-5DCE-4333-AD94-8E90B9CBA12B}.Debug|Any CPU.ActiveCfg = Debug|Any CPU
		{4783BA46-5DCE-4333-AD94-8E90B9CBA12B}.Debug|Any CPU.Build.0 = Debug|Any CPU
		{4783BA46-5DCE-4333-AD94-8E90B9CBA12B}.Debug|x64.ActiveCfg = Debug|Any CPU
		{4783BA46-5DCE-4333-AD94-8E90B9CBA12B}.Debug|x64.Build.0 = Debug|Any CPU
		{4783BA46-5DCE-4333-AD94-8E90B9CBA12B}.Debug|x86.ActiveCfg = Debug|Any CPU
		{4783BA46-5DCE-4333-AD94-8E90B9CBA12B}.Debug|x86.Build.0 = Debug|Any CPU
		{4783BA46-5DCE-4333-AD94-8E90B9CBA12B}.Release|Any CPU.ActiveCfg = Release|Any CPU
		{4783BA46-5DCE-4333-AD94-8E90B9CBA12B}.Release|Any CPU.Build.0 = Release|Any CPU
		{4783BA46-5DCE-4333-AD94-8E90B9CBA12B}.Release|x64.ActiveCfg = Release|Any CPU
		{4783BA46-5DCE-4333-AD94-8E90B9CBA12B}.Release|x64.Build.0 = Release|Any CPU
		{4783BA46-5DCE-4333-AD94-8E90B9CBA12B}.Release|x86.ActiveCfg = Release|Any CPU
		{4783BA46-5DCE-4333-AD94-8E90B9CBA12B}.Release|x86.Build.0 = Release|Any CPU
		{7E8F1E7F-428F-4F40-9DF2-8C84A0B49921}.Debug|Any CPU.ActiveCfg = Debug|Any CPU
		{7E8F1E7F-428F-4F40-9DF2-8C84A0B49921}.Debug|Any CPU.Build.0 = Debug|Any CPU
		{7E8F1E7F-428F-4F40-9DF2-8C84A0B49921}.Debug|x64.ActiveCfg = Debug|Any CPU
		{7E8F1E7F-428F-4F40-9DF2-8C84A0B49921}.Debug|x64.Build.0 = Debug|Any CPU
		{7E8F1E7F-428F-4F40-9DF2-8C84A0B49921}.Debug|x86.ActiveCfg = Debug|Any CPU
		{7E8F1E7F-428F-4F40-9DF2-8C84A0B49921}.Debug|x86.Build.0 = Debug|Any CPU
		{7E8F1E7F-428F-4F40-9DF2-8C84A0B49921}.Release|Any CPU.ActiveCfg = Release|Any CPU
		{7E8F1E7F-428F-4F40-9DF2-8C84A0B49921}.Release|Any CPU.Build.0 = Release|Any CPU
		{7E8F1E7F-428F-4F40-9DF2-8C84A0B49921}.Release|x64.ActiveCfg = Release|Any CPU
		{7E8F1E7F-428F-4F40-9DF2-8C84A0B49921}.Release|x64.Build.0 = Release|Any CPU
		{7E8F1E7F-428F-4F40-9DF2-8C84A0B49921}.Release|x86.ActiveCfg = Release|Any CPU
		{7E8F1E7F-428F-4F40-9DF2-8C84A0B49921}.Release|x86.Build.0 = Release|Any CPU
		{D97EA026-A41F-4FE2-A278-AEBD7B13B90B}.Debug|Any CPU.ActiveCfg = Debug|Any CPU
		{D97EA026-A41F-4FE2-A278-AEBD7B13B90B}.Debug|Any CPU.Build.0 = Debug|Any CPU
		{D97EA026-A41F-4FE2-A278-AEBD7B13B90B}.Debug|x64.ActiveCfg = Debug|Any CPU
		{D97EA026-A41F-4FE2-A278-AEBD7B13B90B}.Debug|x64.Build.0 = Debug|Any CPU
		{D97EA026-A41F-4FE2-A278-AEBD7B13B90B}.Debug|x86.ActiveCfg = Debug|Any CPU
		{D97EA026-A41F-4FE2-A278-AEBD7B13B90B}.Debug|x86.Build.0 = Debug|Any CPU
		{D97EA026-A41F-4FE2-A278-AEBD7B13B90B}.Release|Any CPU.ActiveCfg = Release|Any CPU
		{D97EA026-A41F-4FE2-A278-AEBD7B13B90B}.Release|Any CPU.Build.0 = Release|Any CPU
		{D97EA026-A41F-4FE2-A278-AEBD7B13B90B}.Release|x64.ActiveCfg = Release|Any CPU
		{D97EA026-A41F-4FE2-A278-AEBD7B13B90B}.Release|x64.Build.0 = Release|Any CPU
		{D97EA026-A41F-4FE2-A278-AEBD7B13B90B}.Release|x86.ActiveCfg = Release|Any CPU
		{D97EA026-A41F-4FE2-A278-AEBD7B13B90B}.Release|x86.Build.0 = Release|Any CPU
		{662DD820-462D-4407-AFE4-05335F0D07F3}.Debug|Any CPU.ActiveCfg = Debug|Any CPU
		{662DD820-462D-4407-AFE4-05335F0D07F3}.Debug|Any CPU.Build.0 = Debug|Any CPU
		{662DD820-462D-4407-AFE4-05335F0D07F3}.Debug|x64.ActiveCfg = Debug|Any CPU
		{662DD820-462D-4407-AFE4-05335F0D07F3}.Debug|x64.Build.0 = Debug|Any CPU
		{662DD820-462D-4407-AFE4-05335F0D07F3}.Debug|x86.ActiveCfg = Debug|Any CPU
		{662DD820-462D-4407-AFE4-05335F0D07F3}.Debug|x86.Build.0 = Debug|Any CPU
		{662DD820-462D-4407-AFE4-05335F0D07F3}.Release|Any CPU.ActiveCfg = Release|Any CPU
		{662DD820-462D-4407-AFE4-05335F0D07F3}.Release|Any CPU.Build.0 = Release|Any CPU
		{662DD820-462D-4407-AFE4-05335F0D07F3}.Release|x64.ActiveCfg = Release|Any CPU
		{662DD820-462D-4407-AFE4-05335F0D07F3}.Release|x64.Build.0 = Release|Any CPU
		{662DD820-462D-4407-AFE4-05335F0D07F3}.Release|x86.ActiveCfg = Release|Any CPU
		{662DD820-462D-4407-AFE4-05335F0D07F3}.Release|x86.Build.0 = Release|Any CPU
		{2DB6F254-8090-45F2-84AA-C33933576E21}.Debug|Any CPU.ActiveCfg = Debug|Any CPU
		{2DB6F254-8090-45F2-84AA-C33933576E21}.Debug|Any CPU.Build.0 = Debug|Any CPU
		{2DB6F254-8090-45F2-84AA-C33933576E21}.Debug|x64.ActiveCfg = Debug|Any CPU
		{2DB6F254-8090-45F2-84AA-C33933576E21}.Debug|x64.Build.0 = Debug|Any CPU
		{2DB6F254-8090-45F2-84AA-C33933576E21}.Debug|x86.ActiveCfg = Debug|Any CPU
		{2DB6F254-8090-45F2-84AA-C33933576E21}.Debug|x86.Build.0 = Debug|Any CPU
		{2DB6F254-8090-45F2-84AA-C33933576E21}.Release|Any CPU.ActiveCfg = Release|Any CPU
		{2DB6F254-8090-45F2-84AA-C33933576E21}.Release|Any CPU.Build.0 = Release|Any CPU
		{2DB6F254-8090-45F2-84AA-C33933576E21}.Release|x64.ActiveCfg = Release|Any CPU
		{2DB6F254-8090-45F2-84AA-C33933576E21}.Release|x64.Build.0 = Release|Any CPU
		{2DB6F254-8090-45F2-84AA-C33933576E21}.Release|x86.ActiveCfg = Release|Any CPU
		{2DB6F254-8090-45F2-84AA-C33933576E21}.Release|x86.Build.0 = Release|Any CPU
		{FD7E7AE3-F070-4F57-B106-FE570245E7A1}.Debug|Any CPU.ActiveCfg = Debug|Any CPU
		{FD7E7AE3-F070-4F57-B106-FE570245E7A1}.Debug|Any CPU.Build.0 = Debug|Any CPU
		{FD7E7AE3-F070-4F57-B106-FE570245E7A1}.Debug|x64.ActiveCfg = Debug|Any CPU
		{FD7E7AE3-F070-4F57-B106-FE570245E7A1}.Debug|x64.Build.0 = Debug|Any CPU
		{FD7E7AE3-F070-4F57-B106-FE570245E7A1}.Debug|x86.ActiveCfg = Debug|Any CPU
		{FD7E7AE3-F070-4F57-B106-FE570245E7A1}.Debug|x86.Build.0 = Debug|Any CPU
		{FD7E7AE3-F070-4F57-B106-FE570245E7A1}.Release|Any CPU.ActiveCfg = Release|Any CPU
		{FD7E7AE3-F070-4F57-B106-FE570245E7A1}.Release|Any CPU.Build.0 = Release|Any CPU
		{FD7E7AE3-F070-4F57-B106-FE570245E7A1}.Release|x64.ActiveCfg = Release|Any CPU
		{FD7E7AE3-F070-4F57-B106-FE570245E7A1}.Release|x64.Build.0 = Release|Any CPU
		{FD7E7AE3-F070-4F57-B106-FE570245E7A1}.Release|x86.ActiveCfg = Release|Any CPU
		{FD7E7AE3-F070-4F57-B106-FE570245E7A1}.Release|x86.Build.0 = Release|Any CPU
		{FADAE661-287C-4FC7-80D5-9CC11F8667A7}.Debug|Any CPU.ActiveCfg = Debug|Any CPU
		{FADAE661-287C-4FC7-80D5-9CC11F8667A7}.Debug|Any CPU.Build.0 = Debug|Any CPU
		{FADAE661-287C-4FC7-80D5-9CC11F8667A7}.Debug|x64.ActiveCfg = Debug|Any CPU
		{FADAE661-287C-4FC7-80D5-9CC11F8667A7}.Debug|x64.Build.0 = Debug|Any CPU
		{FADAE661-287C-4FC7-80D5-9CC11F8667A7}.Debug|x86.ActiveCfg = Debug|Any CPU
		{FADAE661-287C-4FC7-80D5-9CC11F8667A7}.Debug|x86.Build.0 = Debug|Any CPU
		{FADAE661-287C-4FC7-80D5-9CC11F8667A7}.Release|Any CPU.ActiveCfg = Release|Any CPU
		{FADAE661-287C-4FC7-80D5-9CC11F8667A7}.Release|Any CPU.Build.0 = Release|Any CPU
		{FADAE661-287C-4FC7-80D5-9CC11F8667A7}.Release|x64.ActiveCfg = Release|Any CPU
		{FADAE661-287C-4FC7-80D5-9CC11F8667A7}.Release|x64.Build.0 = Release|Any CPU
		{FADAE661-287C-4FC7-80D5-9CC11F8667A7}.Release|x86.ActiveCfg = Release|Any CPU
		{FADAE661-287C-4FC7-80D5-9CC11F8667A7}.Release|x86.Build.0 = Release|Any CPU
	EndGlobalSection
	GlobalSection(SolutionProperties) = preSolution
		HideSolutionNode = FALSE
	EndGlobalSection
	GlobalSection(NestedProjects) = preSolution
		{44C618BE-7229-4305-BED9-79C2F0198C28} = {9CA1F77E-DA19-4E54-B9F8-CF5F8B5AD55A}
		{13652E96-1ADD-4722-8DA3-D807A034D50B} = {9CA1F77E-DA19-4E54-B9F8-CF5F8B5AD55A}
		{E789D68C-F58E-41A7-96EC-61331A35D9CF} = {436E83E5-3C76-475A-A3F5-CFC7667D1BB0}
		{C0149A56-9B08-4625-92F9-B0CD5BD9A15B} = {436E83E5-3C76-475A-A3F5-CFC7667D1BB0}
		{C3D8BF66-C39E-4873-93CC-8A23387467DF} = {9CA1F77E-DA19-4E54-B9F8-CF5F8B5AD55A}
		{F31C5283-AAEE-4100-9D31-DD56C3633E62} = {9CA1F77E-DA19-4E54-B9F8-CF5F8B5AD55A}
		{4D0E1DAF-D3B2-4664-897D-B0F8EDBED882} = {9CA1F77E-DA19-4E54-B9F8-CF5F8B5AD55A}
		{7B849300-3817-4F2A-B4D2-415109F33117} = {9CA1F77E-DA19-4E54-B9F8-CF5F8B5AD55A}
		{011192FE-8AAC-4602-A01E-1F01C580A805} = {9CA1F77E-DA19-4E54-B9F8-CF5F8B5AD55A}
		{AA8CD2BB-422E-4DE7-A46A-9E3E085F3252} = {9CA1F77E-DA19-4E54-B9F8-CF5F8B5AD55A}
		{89BD1522-24E7-4F15-96C3-C69052DEF4A8} = {9CA1F77E-DA19-4E54-B9F8-CF5F8B5AD55A}
		{08148CDD-972D-4078-80CF-59FB0688BD69} = {9CA1F77E-DA19-4E54-B9F8-CF5F8B5AD55A}
		{7E8F1E7F-428F-4F40-9DF2-8C84A0B49921} = {9CA1F77E-DA19-4E54-B9F8-CF5F8B5AD55A}
		{D97EA026-A41F-4FE2-A278-AEBD7B13B90B} = {9CA1F77E-DA19-4E54-B9F8-CF5F8B5AD55A}
		{662DD820-462D-4407-AFE4-05335F0D07F3} = {9CA1F77E-DA19-4E54-B9F8-CF5F8B5AD55A}
		{2DB6F254-8090-45F2-84AA-C33933576E21} = {9CA1F77E-DA19-4E54-B9F8-CF5F8B5AD55A}
	EndGlobalSection
EndGlobal
